
Microsoft Visual Studio Solution File, Format Version 12.00
# Visual Studio 2012
Project("{FAE04EC0-301F-11D3-BF4B-00C04F79EFBC}") = "محمود اغا lesson 6 code 2", "محمود اغا lesson 6 code 2\محمود اغا lesson 6 code 2.csproj", "{2B34ABF2-B439-4786-BC90-399AEA92B6C9}"
EndProject
Global
	GlobalSection(SolutionConfigurationPlatforms) = preSolution
		Debug|Any CPU = Debug|Any CPU
		Release|Any CPU = Release|Any CPU
	EndGlobalSection
	GlobalSection(ProjectConfigurationPlatforms) = postSolution
		{2B34ABF2-B439-4786-BC90-399AEA92B6C9}.Debug|Any CPU.ActiveCfg = Debug|Any CPU
		{2B34ABF2-B439-4786-BC90-399AEA92B6C9}.Debug|Any CPU.Build.0 = Debug|Any CPU
		{2B34ABF2-B439-4786-BC90-399AEA92B6C9}.Release|Any CPU.ActiveCfg = Release|Any CPU
		{2B34ABF2-B439-4786-BC90-399AEA92B6C9}.Release|Any CPU.Build.0 = Release|Any CPU
	EndGlobalSection
	GlobalSection(SolutionProperties) = preSolution
		HideSolutionNode = FALSE
	EndGlobalSection
EndGlobal
